
Microsoft Visual Studio Solution File, Format Version 12.00
# Visual Studio Version 17
VisualStudioVersion = 17.0.31903.59
MinimumVisualStudioVersion = 10.0.40219.1
Project("{2150E333-8FDC-42A3-9474-1A3956D46DE8}") = "src", "src", "{827E0CD3-B72D-47B6-A68D-7590B98EB39B}"
EndProject
Project("{FAE04EC0-301F-11D3-BF4B-00C04F79EFBC}") = "ItTalksTTS.Core", "src\ItTalksTTS.Core\ItTalksTTS.Core.csproj", "{B602C0B7-159D-4744-A7C1-AB05757DA908}"
EndProject
Project("{FAE04EC0-301F-11D3-BF4B-00C04F79EFBC}") = "ItTalksTTS.Tts", "src\ItTalksTTS.Tts\ItTalksTTS.Tts.csproj", "{917A333D-A861-4FAD-A831-CF782658F785}"
EndProject
Project("{FAE04EC0-301F-11D3-BF4B-00C04F79EFBC}") = "ItTalksTTS.Api", "src\ItTalksTTS.Api\ItTalksTTS.Api.csproj", "{764F4C2A-DA82-43CC-97B4-97FA9A13311F}"
EndProject
Project("{FAE04EC0-301F-11D3-BF4B-00C04F79EFBC}") = "ItTalksTTS.App", "src\ItTalksTTS.App\ItTalksTTS.App.csproj", "{1381883D-AEBA-43F5-BAE4-CC8F73F7013F}"
EndProject
Project("{FAE04EC0-301F-11D3-BF4B-00C04F79EFBC}") = "ItTalksTTS.McpServer", "src\ItTalksTTS.McpServer\ItTalksTTS.McpServer.csproj", "{016C3C99-6EFD-472D-9CA2-2A242456D914}"
EndProject
Project("{FAE04EC0-301F-11D3-BF4B-00C04F79EFBC}") = "ItTalksTTS.Tests", "tests\ItTalksTTS.Tests\ItTalksTTS.Tests.csproj", "{F214B1BA-0FDB-4933-98D3-1A76321F5417}"
EndProject
Global
	GlobalSection(SolutionConfigurationPlatforms) = preSolution
		Debug|Any CPU = Debug|Any CPU
		Debug|x64 = Debug|x64
		Debug|x86 = Debug|x86
		Release|Any CPU = Release|Any CPU
		Release|x64 = Release|x64
		Release|x86 = Release|x86
	EndGlobalSection
	GlobalSection(ProjectConfigurationPlatforms) = postSolution
		{B602C0B7-159D-4744-A7C1-AB05757DA908}.Debug|Any CPU.ActiveCfg = Debug|Any CPU
		{B602C0B7-159D-4744-A7C1-AB05757DA908}.Debug|Any CPU.Build.0 = Debug|Any CPU
		{B602C0B7-159D-4744-A7C1-AB05757DA908}.Debug|x64.ActiveCfg = Debug|Any CPU
		{B602C0B7-159D-4744-A7C1-AB05757DA908}.Debug|x64.Build.0 = Debug|Any CPU
		{B602C0B7-159D-4744-A7C1-AB05757DA908}.Debug|x86.ActiveCfg = Debug|Any CPU
		{B602C0B7-159D-4744-A7C1-AB05757DA908}.Debug|x86.Build.0 = Debug|Any CPU
		{B602C0B7-159D-4744-A7C1-AB05757DA908}.Release|Any CPU.ActiveCfg = Release|Any CPU
		{B602C0B7-159D-4744-A7C1-AB05757DA908}.Release|Any CPU.Build.0 = Release|Any CPU
		{B602C0B7-159D-4744-A7C1-AB05757DA908}.Release|x64.ActiveCfg = Release|Any CPU
		{B602C0B7-159D-4744-A7C1-AB05757DA908}.Release|x64.Build.0 = Release|Any CPU
		{B602C0B7-159D-4744-A7C1-AB05757DA908}.Release|x86.ActiveCfg = Release|Any CPU
		{B602C0B7-159D-4744-A7C1-AB05757DA908}.Release|x86.Build.0 = Release|Any CPU
		{917A333D-A861-4FAD-A831-CF782658F785}.Debug|Any CPU.ActiveCfg = Debug|Any CPU
		{917A333D-A861-4FAD-A831-CF782658F785}.Debug|Any CPU.Build.0 = Debug|Any CPU
		{917A333D-A861-4FAD-A831-CF782658F785}.Debug|x64.ActiveCfg = Debug|Any CPU
		{917A333D-A861-4FAD-A831-CF782658F785}.Debug|x64.Build.0 = Debug|Any CPU
		{917A333D-A861-4FAD-A831-CF782658F785}.Debug|x86.ActiveCfg = Debug|Any CPU
		{917A333D-A861-4FAD-A831-CF782658F785}.Debug|x86.Build.0 = Debug|Any CPU
		{917A333D-A861-4FAD-A831-CF782658F785}.Release|Any CPU.ActiveCfg = Release|Any CPU
		{917A333D-A861-4FAD-A831-CF782658F785}.Release|Any CPU.Build.0 = Release|Any CPU
		{917A333D-A861-4FAD-A831-CF782658F785}.Release|x64.ActiveCfg = Release|Any CPU
		{917A333D-A861-4FAD-A831-CF782658F785}.Release|x64.Build.0 = Release|Any CPU
		{917A333D-A861-4FAD-A831-CF782658F785}.Release|x86.ActiveCfg = Release|Any CPU
		{917A333D-A861-4FAD-A831-CF782658F785}.Release|x86.Build.0 = Release|Any CPU
		{764F4C2A-DA82-43CC-97B4-97FA9A13311F}.Debug|Any CPU.ActiveCfg = Debug|Any CPU
		{764F4C2A-DA82-43CC-97B4-97FA9A13311F}.Debug|Any CPU.Build.0 = Debug|Any CPU
		{764F4C2A-DA82-43CC-97B4-97FA9A13311F}.Debug|x64.ActiveCfg = Debug|Any CPU
		{764F4C2A-DA82-43CC-97B4-97FA9A13311F}.Debug|x64.Build.0 = Debug|Any CPU
		{764F4C2A-DA82-43CC-97B4-97FA9A13311F}.Debug|x86.ActiveCfg = Debug|Any CPU
		{764F4C2A-DA82-43CC-97B4-97FA9A13311F}.Debug|x86.Build.0 = Debug|Any CPU
		{764F4C2A-DA82-43CC-97B4-97FA9A13311F}.Release|Any CPU.ActiveCfg = Release|Any CPU
		{764F4C2A-DA82-43CC-97B4-97FA9A13311F}.Release|Any CPU.Build.0 = Release|Any CPU
		{764F4C2A-DA82-43CC-97B4-97FA9A13311F}.Release|x64.ActiveCfg = Release|Any CPU
		{764F4C2A-DA82-43CC-97B4-97FA9A13311F}.Release|x64.Build.0 = Release|Any CPU
		{764F4C2A-DA82-43CC-97B4-97FA9A13311F}.Release|x86.ActiveCfg = Release|Any CPU
		{764F4C2A-DA82-43CC-97B4-97FA9A13311F}.Release|x86.Build.0 = Release|Any CPU
		{1381883D-AEBA-43F5-BAE4-CC8F73F7013F}.Debug|Any CPU.ActiveCfg = Debug|Any CPU
		{1381883D-AEBA-43F5-BAE4-CC8F73F7013F}.Debug|Any CPU.Build.0 = Debug|Any CPU
		{1381883D-AEBA-43F5-BAE4-CC8F73F7013F}.Debug|x64.ActiveCfg = Debug|Any CPU
		{1381883D-AEBA-43F5-BAE4-CC8F73F7013F}.Debug|x64.Build.0 = Debug|Any CPU
		{1381883D-AEBA-43F5-BAE4-CC8F73F7013F}.Debug|x86.ActiveCfg = Debug|Any CPU
		{1381883D-AEBA-43F5-BAE4-CC8F73F7013F}.Debug|x86.Build.0 = Debug|Any CPU
		{1381883D-AEBA-43F5-BAE4-CC8F73F7013F}.Release|Any CPU.ActiveCfg = Release|Any CPU
		{1381883D-AEBA-43F5-BAE4-CC8F73F7013F}.Release|Any CPU.Build.0 = Release|Any CPU
		{1381883D-AEBA-43F5-BAE4-CC8F73F7013F}.Release|x64.ActiveCfg = Release|Any CPU
		{1381883D-AEBA-43F5-BAE4-CC8F73F7013F}.Release|x64.Build.0 = Release|Any CPU
		{1381883D-AEBA-43F5-BAE4-CC8F73F7013F}.Release|x86.ActiveCfg = Release|Any CPU
		{1381883D-AEBA-43F5-BAE4-CC8F73F7013F}.Release|x86.Build.0 = Release|Any CPU
		{016C3C99-6EFD-472D-9CA2-2A242456D914}.Debug|Any CPU.ActiveCfg = Debug|Any CPU
		{016C3C99-6EFD-472D-9CA2-2A242456D914}.Debug|Any CPU.Build.0 = Debug|Any CPU
		{016C3C99-6EFD-472D-9CA2-2A242456D914}.Debug|x64.ActiveCfg = Debug|Any CPU
		{016C3C99-6EFD-472D-9CA2-2A242456D914}.Debug|x64.Build.0 = Debug|Any CPU
		{016C3C99-6EFD-472D-9CA2-2A242456D914}.Debug|x86.ActiveCfg = Debug|Any CPU
		{016C3C99-6EFD-472D-9CA2-2A242456D914}.Debug|x86.Build.0 = Debug|Any CPU
		{016C3C99-6EFD-472D-9CA2-2A242456D914}.Release|Any CPU.ActiveCfg = Release|Any CPU
		{016C3C99-6EFD-472D-9CA2-2A242456D914}.Release|Any CPU.Build.0 = Release|Any CPU
		{016C3C99-6EFD-472D-9CA2-2A242456D914}.Release|x64.ActiveCfg = Release|Any CPU
		{016C3C99-6EFD-472D-9CA2-2A242456D914}.Release|x64.Build.0 = Release|Any CPU
		{016C3C99-6EFD-472D-9CA2-2A242456D914}.Release|x86.ActiveCfg = Release|Any CPU
		{016C3C99-6EFD-472D-9CA2-2A242456D914}.Release|x86.Build.0 = Release|Any CPU
		{F214B1BA-0FDB-4933-98D3-1A76321F5417}.Debug|Any CPU.ActiveCfg = Debug|Any CPU
		{F214B1BA-0FDB-4933-98D3-1A76321F5417}.Debug|Any CPU.Build.0 = Debug|Any CPU
		{F214B1BA-0FDB-4933-98D3-1A76321F5417}.Debug|x64.ActiveCfg = Debug|Any CPU
		{F214B1BA-0FDB-4933-98D3-1A76321F5417}.Debug|x64.Build.0 = Debug|Any CPU
		{F214B1BA-0FDB-4933-98D3-1A76321F5417}.Debug|x86.ActiveCfg = Debug|Any CPU
		{F214B1BA-0FDB-4933-98D3-1A76321F5417}.Debug|x86.Build.0 = Debug|Any CPU
		{F214B1BA-0FDB-4933-98D3-1A76321F5417}.Release|Any CPU.ActiveCfg = Release|Any CPU
		{F214B1BA-0FDB-4933-98D3-1A76321F5417}.Release|Any CPU.Build.0 = Release|Any CPU
		{F214B1BA-0FDB-4933-98D3-1A76321F5417}.Release|x64.ActiveCfg = Release|Any CPU
		{F214B1BA-0FDB-4933-98D3-1A76321F5417}.Release|x64.Build.0 = Release|Any CPU
		{F214B1BA-0FDB-4933-98D3-1A76321F5417}.Release|x86.ActiveCfg = Release|Any CPU
		{F214B1BA-0FDB-4933-98D3-1A76321F5417}.Release|x86.Build.0 = Release|Any CPU
	EndGlobalSection
	GlobalSection(SolutionProperties) = preSolution
		HideSolutionNode = FALSE
	EndGlobalSection
	GlobalSection(NestedProjects) = preSolution
		{B602C0B7-159D-4744-A7C1-AB05757DA908} = {827E0CD3-B72D-47B6-A68D-7590B98EB39B}
		{917A333D-A861-4FAD-A831-CF782658F785} = {827E0CD3-B72D-47B6-A68D-7590B98EB39B}
		{764F4C2A-DA82-43CC-97B4-97FA9A13311F} = {827E0CD3-B72D-47B6-A68D-7590B98EB39B}
		{1381883D-AEBA-43F5-BAE4-CC8F73F7013F} = {827E0CD3-B72D-47B6-A68D-7590B98EB39B}
		{016C3C99-6EFD-472D-9CA2-2A242456D914} = {827E0CD3-B72D-47B6-A68D-7590B98EB39B}
		{F214B1BA-0FDB-4933-98D3-1A76321F5417} = {827E0CD3-B72D-47B6-A68D-7590B98EB39B}
	EndGlobalSection
EndGlobal
